# This file is automatically @generated by Cargo.
# It is not intended for manual editing.
version = 4

[[package]]
name = "zoda"
version = "1.0.0"
dependencies = [
 "zoda-archival",
 "zoda-bls",
 "zoda-bridges",
 "zoda-core",
 "zoda-das",
 "zoda-edas",
 "zoda-ethrex",
 "zoda-kzg",
 "zoda-math",
 "zoda-pq",
 "zoda-rda",
 "zoda-sybils",
]

[[package]]
name = "zoda-archival"
version = "1.0.0"
dependencies = [
 "zoda-core",
 "zoda-das",
 "zoda-math",
]

[[package]]
name = "zoda-bench"
version = "1.0.0"
dependencies = [
 "zoda-bls",
 "zoda-core",
 "zoda-das",
 "zoda-edas",
 "zoda-kzg",
 "zoda-math",
 "zoda-pq",
]

[[package]]
name = "zoda-bls"
version = "1.0.0"
dependencies = [
 "zoda-math",
]

[[package]]
name = "zoda-bridges"
version = "1.0.0"
dependencies = [
 "zoda-core",
 "zoda-kzg",
 "zoda-math",
]

[[package]]
name = "zoda-core"
version = "1.0.0"
dependencies = [
 "zoda-math",
]

[[package]]
name = "zoda-das"
version = "1.0.0"
dependencies = [
 "zoda-core",
 "zoda-math",
]

[[package]]
name = "zoda-edas"
version = "1.0.0"
dependencies = [
 "zoda-bls",
 "zoda-kzg",
 "zoda-math",
]

[[package]]
name = "zoda-ethrex"
version = "1.0.0"
dependencies = [
 "zoda-bls",
 "zoda-edas",
 "zoda-kzg",
 "zoda-math",
]

[[package]]
name = "zoda-kzg"
version = "1.0.0"
dependencies = [
 "zoda-bls",
 "zoda-math",
]

[[package]]
name = "zoda-math"
version = "1.0.0"

[[package]]
name = "zoda-pq"
version = "1.0.0"
dependencies = [
 "zoda-math",
]

[[package]]
name = "zoda-rda"
version = "1.0.0"
dependencies = [
 "zoda-bls",
 "zoda-core",
 "zoda-das",
 "zoda-math",
 "zoda-sybils",
]

[[package]]
name = "zoda-sybils"
version = "1.0.0"
dependencies = [
 "zoda-bls",
 "zoda-math",
]
